
Microsoft Visual Studio Solution File, Format Version 12.00
# Visual Studio Version 16
VisualStudioVersion = 16.0.30104.148
MinimumVisualStudioVersion = 10.0.40219.1
Project("{9A19103F-16F7-4668-BE54-9A1E7A4F7556}") = "IdentityServer", "IdentityServer\IdentityServer.csproj", "{D62F1212-56BC-4F5F-98BA-45769F2B6E22}"
EndProject
Project("{9A19103F-16F7-4668-BE54-9A1E7A4F7556}") = "Asp.Identity", "Asp.Identity\Asp.Identity.csproj", "{54CDB8F9-2D5A-40E2-B944-B5CC14604B0D}"
EndProject
Project("{9A19103F-16F7-4668-BE54-9A1E7A4F7556}") = "WebApi", "WebApi\WebApi.csproj", "{4EEF7B84-0B4F-4927-9EC1-94CAE98D00AA}"
EndProject
Project("{2150E333-8FDC-42A3-9474-1A3956D46DE8}") = "Test", "Test", "{EB2992BD-6223-43C5-9F67-B8F01961131E}"
	ProjectSection(SolutionItems) = preProject
		ReadMe.txt = ReadMe.txt
	EndProjectSection
EndProject
Project("{9A19103F-16F7-4668-BE54-9A1E7A4F7556}") = "ClientCredentials_Test", "ClientCredentials_Test\ClientCredentials_Test.csproj", "{D88ED3BF-F4E0-4F7E-9D29-36D2137F935E}"
EndProject
Project("{9A19103F-16F7-4668-BE54-9A1E7A4F7556}") = "ResourceOwnerPassword_Test", "ResourceOwnerPassword_Test\ResourceOwnerPassword_Test.csproj", "{09DC303F-D795-4250-80F6-AD1B66F3A417}"
EndProject
Project("{FAE04EC0-301F-11D3-BF4B-00C04F79EFBC}") = "WebMVC", "WebMVC\WebMVC.csproj", "{A8BB6262-7314-475C-A6D1-99D27558DCF8}"
EndProject
Global
	GlobalSection(SolutionConfigurationPlatforms) = preSolution
		Debug|Any CPU = Debug|Any CPU
		Release|Any CPU = Release|Any CPU
	EndGlobalSection
	GlobalSection(ProjectConfigurationPlatforms) = postSolution
		{D62F1212-56BC-4F5F-98BA-45769F2B6E22}.Debug|Any CPU.ActiveCfg = Debug|Any CPU
		{D62F1212-56BC-4F5F-98BA-45769F2B6E22}.Debug|Any CPU.Build.0 = Debug|Any CPU
		{D62F1212-56BC-4F5F-98BA-45769F2B6E22}.Release|Any CPU.ActiveCfg = Release|Any CPU
		{D62F1212-56BC-4F5F-98BA-45769F2B6E22}.Release|Any CPU.Build.0 = Release|Any CPU
		{54CDB8F9-2D5A-40E2-B944-B5CC14604B0D}.Debug|Any CPU.ActiveCfg = Debug|Any CPU
		{54CDB8F9-2D5A-40E2-B944-B5CC14604B0D}.Debug|Any CPU.Build.0 = Debug|Any CPU
		{54CDB8F9-2D5A-40E2-B944-B5CC14604B0D}.Release|Any CPU.ActiveCfg = Release|Any CPU
		{54CDB8F9-2D5A-40E2-B944-B5CC14604B0D}.Release|Any CPU.Build.0 = Release|Any CPU
		{4EEF7B84-0B4F-4927-9EC1-94CAE98D00AA}.Debug|Any CPU.ActiveCfg = Debug|Any CPU
		{4EEF7B84-0B4F-4927-9EC1-94CAE98D00AA}.Debug|Any CPU.Build.0 = Debug|Any CPU
		{4EEF7B84-0B4F-4927-9EC1-94CAE98D00AA}.Release|Any CPU.ActiveCfg = Release|Any CPU
		{4EEF7B84-0B4F-4927-9EC1-94CAE98D00AA}.Release|Any CPU.Build.0 = Release|Any CPU
		{D88ED3BF-F4E0-4F7E-9D29-36D2137F935E}.Debug|Any CPU.ActiveCfg = Debug|Any CPU
		{D88ED3BF-F4E0-4F7E-9D29-36D2137F935E}.Debug|Any CPU.Build.0 = Debug|Any CPU
		{D88ED3BF-F4E0-4F7E-9D29-36D2137F935E}.Release|Any CPU.ActiveCfg = Release|Any CPU
		{D88ED3BF-F4E0-4F7E-9D29-36D2137F935E}.Release|Any CPU.Build.0 = Release|Any CPU
		{09DC303F-D795-4250-80F6-AD1B66F3A417}.Debug|Any CPU.ActiveCfg = Debug|Any CPU
		{09DC303F-D795-4250-80F6-AD1B66F3A417}.Debug|Any CPU.Build.0 = Debug|Any CPU
		{09DC303F-D795-4250-80F6-AD1B66F3A417}.Release|Any CPU.ActiveCfg = Release|Any CPU
		{09DC303F-D795-4250-80F6-AD1B66F3A417}.Release|Any CPU.Build.0 = Release|Any CPU
		{A8BB6262-7314-475C-A6D1-99D27558DCF8}.Debug|Any CPU.ActiveCfg = Debug|Any CPU
		{A8BB6262-7314-475C-A6D1-99D27558DCF8}.Debug|Any CPU.Build.0 = Debug|Any CPU
		{A8BB6262-7314-475C-A6D1-99D27558DCF8}.Release|Any CPU.ActiveCfg = Release|Any CPU
		{A8BB6262-7314-475C-A6D1-99D27558DCF8}.Release|Any CPU.Build.0 = Release|Any CPU
	EndGlobalSection
	GlobalSection(SolutionProperties) = preSolution
		HideSolutionNode = FALSE
	EndGlobalSection
	GlobalSection(NestedProjects) = preSolution
		{D88ED3BF-F4E0-4F7E-9D29-36D2137F935E} = {EB2992BD-6223-43C5-9F67-B8F01961131E}
		{09DC303F-D795-4250-80F6-AD1B66F3A417} = {EB2992BD-6223-43C5-9F67-B8F01961131E}
	EndGlobalSection
	GlobalSection(ExtensibilityGlobals) = postSolution
		SolutionGuid = {0E1E2817-315F-41CE-83D5-E42DA4137B29}
	EndGlobalSection
EndGlobal
