
Microsoft Visual Studio Solution File, Format Version 12.00
# Visual Studio Version 17
VisualStudioVersion = 17.4.33122.133
MinimumVisualStudioVersion = 10.0.40219.1
Project("{9A19103F-16F7-4668-BE54-9A1E7A4F7556}") = "IdentityServer", "IdentityServer\IdentityServer.csproj", "{D62F1212-56BC-4F5F-98BA-45769F2B6E22}"
EndProject
Project("{9A19103F-16F7-4668-BE54-9A1E7A4F7556}") = "WebApi", "WebApi\WebApi.csproj", "{4EEF7B84-0B4F-4927-9EC1-94CAE98D00AA}"
EndProject
Project("{2150E333-8FDC-42A3-9474-1A3956D46DE8}") = "Test", "Test", "{EB2992BD-6223-43C5-9F67-B8F01961131E}"
EndProject
Project("{9A19103F-16F7-4668-BE54-9A1E7A4F7556}") = "ClientCredentials_Test", "ClientCredentials_Test\ClientCredentials_Test.csproj", "{D88ED3BF-F4E0-4F7E-9D29-36D2137F935E}"
EndProject
Project("{9A19103F-16F7-4668-BE54-9A1E7A4F7556}") = "ResourceOwnerPassword_Test", "ResourceOwnerPassword_Test\ResourceOwnerPassword_Test.csproj", "{09DC303F-D795-4250-80F6-AD1B66F3A417}"
EndProject
Project("{9A19103F-16F7-4668-BE54-9A1E7A4F7556}") = "WebMVC", "WebMVC\WebMVC.csproj", "{A8BB6262-7314-475C-A6D1-99D27558DCF8}"
EndProject
Project("{9A19103F-16F7-4668-BE54-9A1E7A4F7556}") = "WebApp", "WebApp\WebApp.csproj", "{999ED374-9335-4E02-9078-732EDF8D55F2}"
EndProject
Project("{9A19103F-16F7-4668-BE54-9A1E7A4F7556}") = "IdentityServerAspNetIdentity", "IdentityServerAspNetIdentity\IdentityServerAspNetIdentity.csproj", "{A95B3AD7-999E-4BEE-AE8D-7D7534A9A29C}"
EndProject
Project("{9A19103F-16F7-4668-BE54-9A1E7A4F7556}") = "WebJs", "WebJs\WebJs.csproj", "{423C5AB8-C2FD-4A22-9637-B817251F7413}"
EndProject
Project("{9A19103F-16F7-4668-BE54-9A1E7A4F7556}") = "WebTest", "WebTest\WebTest.csproj", "{6E65B9C0-0992-468E-8740-F4264E18D3F5}"
EndProject
Project("{9A19103F-16F7-4668-BE54-9A1E7A4F7556}") = "OpenIddictServer", "OpenIddictServer\OpenIddictServer.csproj", "{F520E2DD-4373-4E94-AE48-3923CD7ADEE2}"
EndProject
Project("{9A19103F-16F7-4668-BE54-9A1E7A4F7556}") = "OpenIddictClient", "OpenIddictClient\OpenIddictClient.csproj", "{B952B3A2-A023-4C14-83A5-2B61FD93D949}"
EndProject
Project("{9A19103F-16F7-4668-BE54-9A1E7A4F7556}") = "OpenIddictServerAspNetIdentity", "OpenIddictServerAspNetIdentity\OpenIddictServerAspNetIdentity.csproj", "{62900CBB-18B5-4A9A-96F2-D900F4519318}"
EndProject
Project("{FAE04EC0-301F-11D3-BF4B-00C04F79EFBC}") = "IdentityClientAspNet", "IdentityClientAspNet\IdentityClientAspNet.csproj", "{A403CB63-6F22-4A75-9F86-81EFF4761F0B}"
EndProject
Project("{FAE04EC0-301F-11D3-BF4B-00C04F79EFBC}") = "IdentityClientAspNet2", "IdentityClientAspNet2\IdentityClientAspNet2.csproj", "{2CDDCCF3-21B3-4EA3-92B5-0B6D292F6000}"
EndProject
Global
	GlobalSection(SolutionConfigurationPlatforms) = preSolution
		Debug|Any CPU = Debug|Any CPU
		Release|Any CPU = Release|Any CPU
	EndGlobalSection
	GlobalSection(ProjectConfigurationPlatforms) = postSolution
		{D62F1212-56BC-4F5F-98BA-45769F2B6E22}.Debug|Any CPU.ActiveCfg = Debug|Any CPU
		{D62F1212-56BC-4F5F-98BA-45769F2B6E22}.Debug|Any CPU.Build.0 = Debug|Any CPU
		{D62F1212-56BC-4F5F-98BA-45769F2B6E22}.Release|Any CPU.ActiveCfg = Release|Any CPU
		{D62F1212-56BC-4F5F-98BA-45769F2B6E22}.Release|Any CPU.Build.0 = Release|Any CPU
		{4EEF7B84-0B4F-4927-9EC1-94CAE98D00AA}.Debug|Any CPU.ActiveCfg = Debug|Any CPU
		{4EEF7B84-0B4F-4927-9EC1-94CAE98D00AA}.Debug|Any CPU.Build.0 = Debug|Any CPU
		{4EEF7B84-0B4F-4927-9EC1-94CAE98D00AA}.Release|Any CPU.ActiveCfg = Release|Any CPU
		{4EEF7B84-0B4F-4927-9EC1-94CAE98D00AA}.Release|Any CPU.Build.0 = Release|Any CPU
		{D88ED3BF-F4E0-4F7E-9D29-36D2137F935E}.Debug|Any CPU.ActiveCfg = Debug|Any CPU
		{D88ED3BF-F4E0-4F7E-9D29-36D2137F935E}.Debug|Any CPU.Build.0 = Debug|Any CPU
		{D88ED3BF-F4E0-4F7E-9D29-36D2137F935E}.Release|Any CPU.ActiveCfg = Release|Any CPU
		{D88ED3BF-F4E0-4F7E-9D29-36D2137F935E}.Release|Any CPU.Build.0 = Release|Any CPU
		{09DC303F-D795-4250-80F6-AD1B66F3A417}.Debug|Any CPU.ActiveCfg = Debug|Any CPU
		{09DC303F-D795-4250-80F6-AD1B66F3A417}.Debug|Any CPU.Build.0 = Debug|Any CPU
		{09DC303F-D795-4250-80F6-AD1B66F3A417}.Release|Any CPU.ActiveCfg = Release|Any CPU
		{09DC303F-D795-4250-80F6-AD1B66F3A417}.Release|Any CPU.Build.0 = Release|Any CPU
		{A8BB6262-7314-475C-A6D1-99D27558DCF8}.Debug|Any CPU.ActiveCfg = Debug|Any CPU
		{A8BB6262-7314-475C-A6D1-99D27558DCF8}.Debug|Any CPU.Build.0 = Debug|Any CPU
		{A8BB6262-7314-475C-A6D1-99D27558DCF8}.Release|Any CPU.ActiveCfg = Release|Any CPU
		{A8BB6262-7314-475C-A6D1-99D27558DCF8}.Release|Any CPU.Build.0 = Release|Any CPU
		{999ED374-9335-4E02-9078-732EDF8D55F2}.Debug|Any CPU.ActiveCfg = Debug|Any CPU
		{999ED374-9335-4E02-9078-732EDF8D55F2}.Debug|Any CPU.Build.0 = Debug|Any CPU
		{999ED374-9335-4E02-9078-732EDF8D55F2}.Release|Any CPU.ActiveCfg = Release|Any CPU
		{999ED374-9335-4E02-9078-732EDF8D55F2}.Release|Any CPU.Build.0 = Release|Any CPU
		{A95B3AD7-999E-4BEE-AE8D-7D7534A9A29C}.Debug|Any CPU.ActiveCfg = Debug|Any CPU
		{A95B3AD7-999E-4BEE-AE8D-7D7534A9A29C}.Debug|Any CPU.Build.0 = Debug|Any CPU
		{A95B3AD7-999E-4BEE-AE8D-7D7534A9A29C}.Release|Any CPU.ActiveCfg = Release|Any CPU
		{A95B3AD7-999E-4BEE-AE8D-7D7534A9A29C}.Release|Any CPU.Build.0 = Release|Any CPU
		{423C5AB8-C2FD-4A22-9637-B817251F7413}.Debug|Any CPU.ActiveCfg = Debug|Any CPU
		{423C5AB8-C2FD-4A22-9637-B817251F7413}.Debug|Any CPU.Build.0 = Debug|Any CPU
		{423C5AB8-C2FD-4A22-9637-B817251F7413}.Release|Any CPU.ActiveCfg = Release|Any CPU
		{423C5AB8-C2FD-4A22-9637-B817251F7413}.Release|Any CPU.Build.0 = Release|Any CPU
		{6E65B9C0-0992-468E-8740-F4264E18D3F5}.Debug|Any CPU.ActiveCfg = Debug|Any CPU
		{6E65B9C0-0992-468E-8740-F4264E18D3F5}.Debug|Any CPU.Build.0 = Debug|Any CPU
		{6E65B9C0-0992-468E-8740-F4264E18D3F5}.Release|Any CPU.ActiveCfg = Release|Any CPU
		{6E65B9C0-0992-468E-8740-F4264E18D3F5}.Release|Any CPU.Build.0 = Release|Any CPU
		{F520E2DD-4373-4E94-AE48-3923CD7ADEE2}.Debug|Any CPU.ActiveCfg = Debug|Any CPU
		{F520E2DD-4373-4E94-AE48-3923CD7ADEE2}.Debug|Any CPU.Build.0 = Debug|Any CPU
		{F520E2DD-4373-4E94-AE48-3923CD7ADEE2}.Release|Any CPU.ActiveCfg = Release|Any CPU
		{F520E2DD-4373-4E94-AE48-3923CD7ADEE2}.Release|Any CPU.Build.0 = Release|Any CPU
		{B952B3A2-A023-4C14-83A5-2B61FD93D949}.Debug|Any CPU.ActiveCfg = Debug|Any CPU
		{B952B3A2-A023-4C14-83A5-2B61FD93D949}.Debug|Any CPU.Build.0 = Debug|Any CPU
		{B952B3A2-A023-4C14-83A5-2B61FD93D949}.Release|Any CPU.ActiveCfg = Release|Any CPU
		{B952B3A2-A023-4C14-83A5-2B61FD93D949}.Release|Any CPU.Build.0 = Release|Any CPU
		{62900CBB-18B5-4A9A-96F2-D900F4519318}.Debug|Any CPU.ActiveCfg = Debug|Any CPU
		{62900CBB-18B5-4A9A-96F2-D900F4519318}.Debug|Any CPU.Build.0 = Debug|Any CPU
		{62900CBB-18B5-4A9A-96F2-D900F4519318}.Release|Any CPU.ActiveCfg = Release|Any CPU
		{62900CBB-18B5-4A9A-96F2-D900F4519318}.Release|Any CPU.Build.0 = Release|Any CPU
		{A403CB63-6F22-4A75-9F86-81EFF4761F0B}.Debug|Any CPU.ActiveCfg = Debug|Any CPU
		{A403CB63-6F22-4A75-9F86-81EFF4761F0B}.Debug|Any CPU.Build.0 = Debug|Any CPU
		{A403CB63-6F22-4A75-9F86-81EFF4761F0B}.Release|Any CPU.ActiveCfg = Release|Any CPU
		{A403CB63-6F22-4A75-9F86-81EFF4761F0B}.Release|Any CPU.Build.0 = Release|Any CPU
		{2CDDCCF3-21B3-4EA3-92B5-0B6D292F6000}.Debug|Any CPU.ActiveCfg = Debug|Any CPU
		{2CDDCCF3-21B3-4EA3-92B5-0B6D292F6000}.Debug|Any CPU.Build.0 = Debug|Any CPU
		{2CDDCCF3-21B3-4EA3-92B5-0B6D292F6000}.Release|Any CPU.ActiveCfg = Release|Any CPU
		{2CDDCCF3-21B3-4EA3-92B5-0B6D292F6000}.Release|Any CPU.Build.0 = Release|Any CPU
	EndGlobalSection
	GlobalSection(SolutionProperties) = preSolution
		HideSolutionNode = FALSE
	EndGlobalSection
	GlobalSection(NestedProjects) = preSolution
		{D88ED3BF-F4E0-4F7E-9D29-36D2137F935E} = {EB2992BD-6223-43C5-9F67-B8F01961131E}
		{09DC303F-D795-4250-80F6-AD1B66F3A417} = {EB2992BD-6223-43C5-9F67-B8F01961131E}
	EndGlobalSection
	GlobalSection(ExtensibilityGlobals) = postSolution
		SolutionGuid = {0E1E2817-315F-41CE-83D5-E42DA4137B29}
	EndGlobalSection
	GlobalSection(MonoDevelopProperties) = preSolution
		Policies = $0
		$0.VersionControlPolicy = $1
		$0.DotNetNamingPolicy = $2
		$2.DirectoryNamespaceAssociation = PrefixedHierarchical
	EndGlobalSection
EndGlobal
